DEPENDENCIES
  apt
  create_chef_dir
    path: test/fixtures/cookbooks/create_chef_dir
  rundeck
    path: .
    metadata: true

GRAPH
  apache2 (1.10.4)
    iptables (>= 0.0.0)
    logrotate (>= 0.0.0)
    pacman (>= 0.0.0)
  apt (2.4.0)
  build-essential (2.0.2)
  create_chef_dir (0.0.1)
  iptables (0.13.2)
  java (1.22.0)
  logrotate (1.5.0)
  pacman (1.1.1)
  rundeck (2.0.5)
    apache2 (>= 0.0.0)
    java (>= 0.0.0)
    rundeck (>= 0.0.0)
    runit (>= 0.0.0)
    sudo (>= 0.0.0)
  runit (1.5.10)
    build-essential (>= 0.0.0)
    yum (~> 3.0)
    yum-epel (>= 0.0.0)
  sudo (2.6.0)
  yum (3.2.0)
  yum-epel (0.3.6)
    yum (~> 3.0)
